
Microsoft Visual Studio Solution File, Format Version 12.00
# Visual Studio Version 16
VisualStudioVersion = 16.0.29709.97
MinimumVisualStudioVersion = 10.0.40219.1
Project("{FAE04EC0-301F-11D3-BF4B-00C04F79EFBC}") = "WebApplication1", "WebApplication1.csproj", "{19A18E7E-545F-4816-8963-AC9BFB3EC8F2}"
EndProject
Global
	GlobalSection(SolutionConfigurationPlatforms) = preSolution
		Debug|Any CPU = Debug|Any CPU
		Release|Any CPU = Release|Any CPU
	EndGlobalSection
	GlobalSection(ProjectConfigurationPlatforms) = postSolution
		{19A18E7E-545F-4816-8963-AC9BFB3EC8F2}.Debug|Any CPU.ActiveCfg = Debug|Any CPU
		{19A18E7E-545F-4816-8963-AC9BFB3EC8F2}.Debug|Any CPU.Build.0 = Debug|Any CPU
		{19A18E7E-545F-4816-8963-AC9BFB3EC8F2}.Release|Any CPU.ActiveCfg = Release|Any CPU
		{19A18E7E-545F-4816-8963-AC9BFB3EC8F2}.Release|Any CPU.Build.0 = Release|Any CPU
	EndGlobalSection
	GlobalSection(SolutionProperties) = preSolution
		HideSolutionNode = FALSE
	EndGlobalSection
	GlobalSection(ExtensibilityGlobals) = postSolution
		SolutionGuid = {0574E4D3-BDF8-45DC-957B-FCE1B0DD92C4}
	EndGlobalSection
EndGlobal
